
Microsoft Visual Studio Solution File, Format Version 12.00
# Visual Studio Version 16
VisualStudioVersion = 16.0.29920.165
MinimumVisualStudioVersion = 10.0.40219.1
Project("{FAE04EC0-301F-11D3-BF4B-00C04F79EFBC}") = "Booking", "Booking\Booking.csproj", "{CBD389B2-D6FD-4A46-ADB4-9A335C38703B}"
EndProject
Global
	GlobalSection(SolutionConfigurationPlatforms) = preSolution
		Debug|Any CPU = Debug|Any CPU
		Release|Any CPU = Release|Any CPU
	EndGlobalSection
	GlobalSection(ProjectConfigurationPlatforms) = postSolution
		{CBD389B2-D6FD-4A46-ADB4-9A335C38703B}.Debug|Any CPU.ActiveCfg = Debug|Any CPU
		{CBD389B2-D6FD-4A46-ADB4-9A335C38703B}.Debug|Any CPU.Build.0 = Debug|Any CPU
		{CBD389B2-D6FD-4A46-ADB4-9A335C38703B}.Release|Any CPU.ActiveCfg = Release|Any CPU
		{CBD389B2-D6FD-4A46-ADB4-9A335C38703B}.Release|Any CPU.Build.0 = Release|Any CPU
	EndGlobalSection
	GlobalSection(SolutionProperties) = preSolution
		HideSolutionNode = FALSE
	EndGlobalSection
	GlobalSection(ExtensibilityGlobals) = postSolution
		SolutionGuid = {44C90DE0-553F-488D-9C41-8C2EB186B71A}
	EndGlobalSection
EndGlobal
